{
  "name": "@nkgss/meta-harness",
  "version": "0.3.2",
  "lockfileVersion": 3,
  "requires": true,
  "packages": {
    "": {
      "name": "@nkgss/meta-harness",
      "version": "0.3.2",
      "license": "MIT",
      "bin": {
        "meta-harness": "bin/meta-harness.js"
      },
      "engines": {
        "node": ">=20"
      }
    }
  }
}
